
Microsoft Visual Studio Solution File, Format Version 12.00
# Visual Studio Version 17
VisualStudioVersion = 17.5.33627.172
MinimumVisualStudioVersion = 10.0.40219.1
Project("{FAE04EC0-301F-11D3-BF4B-00C04F79EFBC}") = "Week14OOP", "Week14OOP\Week14OOP.csproj", "{E9084627-C944-4BA8-B204-DD508D918422}"
EndProject
Project("{FAE04EC0-301F-11D3-BF4B-00C04F79EFBC}") = "OOP2Test", "OOP2Test\OOP2Test.csproj", "{DB2AEDCE-53FB-44F9-AF77-50DAFA070F0F}"
EndProject
Global
	GlobalSection(SolutionConfigurationPlatforms) = preSolution
		Debug|Any CPU = Debug|Any CPU
		Release|Any CPU = Release|Any CPU
	EndGlobalSection
	GlobalSection(ProjectConfigurationPlatforms) = postSolution
		{E9084627-C944-4BA8-B204-DD508D918422}.Debug|Any CPU.ActiveCfg = Debug|Any CPU
		{E9084627-C944-4BA8-B204-DD508D918422}.Debug|Any CPU.Build.0 = Debug|Any CPU
		{E9084627-C944-4BA8-B204-DD508D918422}.Release|Any CPU.ActiveCfg = Release|Any CPU
		{E9084627-C944-4BA8-B204-DD508D918422}.Release|Any CPU.Build.0 = Release|Any CPU
		{DB2AEDCE-53FB-44F9-AF77-50DAFA070F0F}.Debug|Any CPU.ActiveCfg = Debug|Any CPU
		{DB2AEDCE-53FB-44F9-AF77-50DAFA070F0F}.Debug|Any CPU.Build.0 = Debug|Any CPU
		{DB2AEDCE-53FB-44F9-AF77-50DAFA070F0F}.Release|Any CPU.ActiveCfg = Release|Any CPU
		{DB2AEDCE-53FB-44F9-AF77-50DAFA070F0F}.Release|Any CPU.Build.0 = Release|Any CPU
	EndGlobalSection
	GlobalSection(SolutionProperties) = preSolution
		HideSolutionNode = FALSE
	EndGlobalSection
	GlobalSection(ExtensibilityGlobals) = postSolution
		SolutionGuid = {63AA8F29-1422-43C5-B6DB-0FEFAD2BDE81}
	EndGlobalSection
EndGlobal
